
Microsoft Visual Studio Solution File, Format Version 12.00
# Visual Studio Version 17
VisualStudioVersion = 17.1.32210.238
MinimumVisualStudioVersion = 10.0.40219.1
Project("{FAE04EC0-301F-11D3-BF4B-00C04F79EFBC}") = "Sort_Seacher_Time_Size", "Sort_Seacher_Time_Size.csproj", "{2C61BE42-934F-4D06-862C-A8363E6010E1}"
EndProject
Global
	GlobalSection(SolutionConfigurationPlatforms) = preSolution
		Debug|Any CPU = Debug|Any CPU
		Release|Any CPU = Release|Any CPU
	EndGlobalSection
	GlobalSection(ProjectConfigurationPlatforms) = postSolution
		{2C61BE42-934F-4D06-862C-A8363E6010E1}.Debug|Any CPU.ActiveCfg = Debug|Any CPU
		{2C61BE42-934F-4D06-862C-A8363E6010E1}.Debug|Any CPU.Build.0 = Debug|Any CPU
		{2C61BE42-934F-4D06-862C-A8363E6010E1}.Release|Any CPU.ActiveCfg = Release|Any CPU
		{2C61BE42-934F-4D06-862C-A8363E6010E1}.Release|Any CPU.Build.0 = Release|Any CPU
	EndGlobalSection
	GlobalSection(SolutionProperties) = preSolution
		HideSolutionNode = FALSE
	EndGlobalSection
	GlobalSection(ExtensibilityGlobals) = postSolution
		SolutionGuid = {E13005CB-C260-4032-A55A-CB6370749784}
	EndGlobalSection
EndGlobal
